{
    "version": 3,
    "terraform_version": "0.8.2",
    "serial": 5,
    "lineage": "7c210fa3-85e4-489c-898b-06a02e0efde6",
    "modules": [
        {
            "path": [
                "root"
            ],
            "outputs": {},
            "resources": {
                "aws_ebs_volume.ebs-volume-1": {
                    "type": "aws_ebs_volume",
                    "depends_on": [],
                    "primary": {
                        "id": "vol-0536656afb0f7f4f4",
                        "attributes": {
                            "availability_zone": "us-west-2a",
                            "encrypted": "false",
                            "id": "vol-0536656afb0f7f4f4",
                            "size": "20",
                            "snapshot_id": "",
                            "tags.%": "1",
                            "tags.Name": "extra volume data",
                            "type": "gp2"
                        },
                        "meta": {},
                        "tainted": false
                    },
                    "deposed": [],
                    "provider": ""
                },
                "aws_instance.example": {
                    "type": "aws_instance",
                    "depends_on": [],
                    "primary": {
                        "id": "i-019c9f75fb85dc793",
                        "attributes": {
                            "ami": "ami-b2d463d2",
                            "associate_public_ip_address": "true",
                            "availability_zone": "us-west-2a",
                            "disable_api_termination": "false",
                            "ebs_block_device.#": "0",
                            "ebs_optimized": "false",
                            "ephemeral_block_device.#": "0",
                            "iam_instance_profile": "",
                            "id": "i-019c9f75fb85dc793",
                            "instance_state": "running",
                            "instance_type": "t2.micro",
                            "key_name": "",
                            "monitoring": "false",
                            "network_interface_id": "eni-f1e4a880",
                            "private_dns": "ip-172-31-25-148.us-west-2.compute.internal",
                            "private_ip": "172.31.25.148",
                            "public_dns": "ec2-35-165-181-117.us-west-2.compute.amazonaws.com",
                            "public_ip": "35.165.181.117",
                            "root_block_device.#": "1",
                            "root_block_device.0.delete_on_termination": "true",
                            "root_block_device.0.iops": "100",
                            "root_block_device.0.volume_size": "8",
                            "root_block_device.0.volume_type": "gp2",
                            "security_groups.#": "0",
                            "source_dest_check": "true",
                            "subnet_id": "subnet-1a45d77e",
                            "tags.%": "0",
                            "tenancy": "default",
                            "vpc_security_group_ids.#": "1",
                            "vpc_security_group_ids.2178379285": "sg-de7cdfb8"
                        },
                        "meta": {
                            "schema_version": "1"
                        },
                        "tainted": false
                    },
                    "deposed": [],
                    "provider": ""
                },
                "aws_volume_attachment.ebs-volume-1-attachment": {
                    "type": "aws_volume_attachment",
                    "depends_on": [
                        "aws_ebs_volume.ebs-volume-1",
                        "aws_instance.example"
                    ],
                    "primary": {
                        "id": "vai-3953092916",
                        "attributes": {
                            "device_name": "/dev/xvdh",
                            "id": "vai-3953092916",
                            "instance_id": "i-019c9f75fb85dc793",
                            "volume_id": "vol-0536656afb0f7f4f4"
                        },
                        "meta": {},
                        "tainted": false
                    },
                    "deposed": [],
                    "provider": ""
                }
            },
            "depends_on": []
        }
    ]
}
